
Microsoft Visual Studio Solution File, Format Version 12.00
# Visual Studio Version 17
VisualStudioVersion = 17.3.32819.101
MinimumVisualStudioVersion = 10.0.40219.1
Project("{FAE04EC0-301F-11D3-BF4B-00C04F79EFBC}") = "YoungWeb", "YoungWeb\YoungWeb.csproj", "{50809AA8-3522-4A77-BE86-B4AA5FD860C0}"
EndProject
Global
	GlobalSection(SolutionConfigurationPlatforms) = preSolution
		Debug|Any CPU = Debug|Any CPU
		Release|Any CPU = Release|Any CPU
	EndGlobalSection
	GlobalSection(ProjectConfigurationPlatforms) = postSolution
		{50809AA8-3522-4A77-BE86-B4AA5FD860C0}.Debug|Any CPU.ActiveCfg = Debug|Any CPU
		{50809AA8-3522-4A77-BE86-B4AA5FD860C0}.Debug|Any CPU.Build.0 = Debug|Any CPU
		{50809AA8-3522-4A77-BE86-B4AA5FD860C0}.Release|Any CPU.ActiveCfg = Release|Any CPU
		{50809AA8-3522-4A77-BE86-B4AA5FD860C0}.Release|Any CPU.Build.0 = Release|Any CPU
	EndGlobalSection
	GlobalSection(SolutionProperties) = preSolution
		HideSolutionNode = FALSE
	EndGlobalSection
	GlobalSection(ExtensibilityGlobals) = postSolution
		SolutionGuid = {2A9AA9C8-0023-47D9-9877-20E4E0E0E7EB}
	EndGlobalSection
EndGlobal
